
Microsoft Visual Studio Solution File, Format Version 12.00
# Visual Studio 15
VisualStudioVersion = 15.0.28010.2050
MinimumVisualStudioVersion = 10.0.40219.1
Project("{FAE04EC0-301F-11D3-BF4B-00C04F79EFBC}") = "Roulette", "Roulette\Roulette.csproj", "{1A22FE07-9FA3-47A5-AA62-008C7B75083E}"
EndProject
Global
	GlobalSection(SolutionConfigurationPlatforms) = preSolution
		Debug|Any CPU = Debug|Any CPU
		Release|Any CPU = Release|Any CPU
	EndGlobalSection
	GlobalSection(ProjectConfigurationPlatforms) = postSolution
		{1A22FE07-9FA3-47A5-AA62-008C7B75083E}.Debug|Any CPU.ActiveCfg = Debug|Any CPU
		{1A22FE07-9FA3-47A5-AA62-008C7B75083E}.Debug|Any CPU.Build.0 = Debug|Any CPU
		{1A22FE07-9FA3-47A5-AA62-008C7B75083E}.Release|Any CPU.ActiveCfg = Release|Any CPU
		{1A22FE07-9FA3-47A5-AA62-008C7B75083E}.Release|Any CPU.Build.0 = Release|Any CPU
	EndGlobalSection
	GlobalSection(SolutionProperties) = preSolution
		HideSolutionNode = FALSE
	EndGlobalSection
	GlobalSection(ExtensibilityGlobals) = postSolution
		SolutionGuid = {1A879E24-49C9-4C2D-B5A5-6BB92CA2435F}
	EndGlobalSection
EndGlobal
